
Microsoft Visual Studio Solution File, Format Version 12.00
# Visual Studio 15
VisualStudioVersion = 15.0.28307.1082
MinimumVisualStudioVersion = 10.0.40219.1
Project("{FAE04EC0-301F-11D3-BF4B-00C04F79EFBC}") = "Baltic", "Baltic\Baltic.csproj", "{F88F8C0C-8B36-43A7-9D16-08A83025D1EB}"
EndProject
Global
	GlobalSection(SolutionConfigurationPlatforms) = preSolution
		Debug|Any CPU = Debug|Any CPU
		Release|Any CPU = Release|Any CPU
	EndGlobalSection
	GlobalSection(ProjectConfigurationPlatforms) = postSolution
		{F88F8C0C-8B36-43A7-9D16-08A83025D1EB}.Debug|Any CPU.ActiveCfg = Debug|Any CPU
		{F88F8C0C-8B36-43A7-9D16-08A83025D1EB}.Debug|Any CPU.Build.0 = Debug|Any CPU
		{F88F8C0C-8B36-43A7-9D16-08A83025D1EB}.Release|Any CPU.ActiveCfg = Release|Any CPU
		{F88F8C0C-8B36-43A7-9D16-08A83025D1EB}.Release|Any CPU.Build.0 = Release|Any CPU
	EndGlobalSection
	GlobalSection(SolutionProperties) = preSolution
		HideSolutionNode = FALSE
	EndGlobalSection
	GlobalSection(ExtensibilityGlobals) = postSolution
		SolutionGuid = {DE6B0512-24DC-4513-92BA-763054A79836}
	EndGlobalSection
EndGlobal
